
Microsoft Visual Studio Solution File, Format Version 12.00
# Visual Studio Version 17
VisualStudioVersion = 17.2.32516.85
MinimumVisualStudioVersion = 10.0.40219.1
Project("{9A19103F-16F7-4668-BE54-9A1E7A4F7556}") = "ComfortZoneExpanderAPI", "ComfortZoneExpanderAPI\ComfortZoneExpanderAPI.csproj", "{58968FF9-3535-4151-AE35-38CCFC4AF1E5}"
EndProject
Project("{9A19103F-16F7-4668-BE54-9A1E7A4F7556}") = "ComfortZoneExpanderWeb", "..\..\..\Skrivbord\ComfortZoneExpanderWeb\ComfortZoneExpanderWeb.csproj", "{3D022D56-4267-4B74-B12F-5634161EBCDB}"
EndProject
Global
	GlobalSection(SolutionConfigurationPlatforms) = preSolution
		Debug|Any CPU = Debug|Any CPU
		Release|Any CPU = Release|Any CPU
	EndGlobalSection
	GlobalSection(ProjectConfigurationPlatforms) = postSolution
		{58968FF9-3535-4151-AE35-38CCFC4AF1E5}.Debug|Any CPU.ActiveCfg = Debug|Any CPU
		{58968FF9-3535-4151-AE35-38CCFC4AF1E5}.Debug|Any CPU.Build.0 = Debug|Any CPU
		{58968FF9-3535-4151-AE35-38CCFC4AF1E5}.Release|Any CPU.ActiveCfg = Release|Any CPU
		{58968FF9-3535-4151-AE35-38CCFC4AF1E5}.Release|Any CPU.Build.0 = Release|Any CPU
		{3D022D56-4267-4B74-B12F-5634161EBCDB}.Debug|Any CPU.ActiveCfg = Debug|Any CPU
		{3D022D56-4267-4B74-B12F-5634161EBCDB}.Debug|Any CPU.Build.0 = Debug|Any CPU
		{3D022D56-4267-4B74-B12F-5634161EBCDB}.Release|Any CPU.ActiveCfg = Release|Any CPU
		{3D022D56-4267-4B74-B12F-5634161EBCDB}.Release|Any CPU.Build.0 = Release|Any CPU
	EndGlobalSection
	GlobalSection(SolutionProperties) = preSolution
		HideSolutionNode = FALSE
	EndGlobalSection
	GlobalSection(ExtensibilityGlobals) = postSolution
		SolutionGuid = {D90185C2-5488-4FCF-AD4D-D9CF3FAE3F8D}
	EndGlobalSection
EndGlobal
